
Microsoft Visual Studio Solution File, Format Version 12.00
# Visual Studio Version 16
VisualStudioVersion = 16.0.30611.23
MinimumVisualStudioVersion = 10.0.40219.1
Project("{9A19103F-16F7-4668-BE54-9A1E7A4F7556}") = "Fonoage_Andreea_Lab2", "Fonoage_Andreea_Lab2.csproj", "{20AC511A-7780-4B63-95EB-6074483BCAEB}"
EndProject
Project("{2150E333-8FDC-42A3-9474-1A3956D46DE8}") = "Solution Items", "Solution Items", "{FAACDCDD-128E-4804-8A33-781761B25376}"
	ProjectSection(SolutionItems) = preProject
		.editorconfig = .editorconfig
	EndProjectSection
EndProject
Global
	GlobalSection(SolutionConfigurationPlatforms) = preSolution
		Debug|Any CPU = Debug|Any CPU
		Release|Any CPU = Release|Any CPU
	EndGlobalSection
	GlobalSection(ProjectConfigurationPlatforms) = postSolution
		{20AC511A-7780-4B63-95EB-6074483BCAEB}.Debug|Any CPU.ActiveCfg = Debug|Any CPU
		{20AC511A-7780-4B63-95EB-6074483BCAEB}.Debug|Any CPU.Build.0 = Debug|Any CPU
		{20AC511A-7780-4B63-95EB-6074483BCAEB}.Release|Any CPU.ActiveCfg = Release|Any CPU
		{20AC511A-7780-4B63-95EB-6074483BCAEB}.Release|Any CPU.Build.0 = Release|Any CPU
	EndGlobalSection
	GlobalSection(SolutionProperties) = preSolution
		HideSolutionNode = FALSE
	EndGlobalSection
	GlobalSection(ExtensibilityGlobals) = postSolution
		SolutionGuid = {C737E210-0D0B-44C6-B479-A6EC799632A9}
	EndGlobalSection
EndGlobal
